
Microsoft Visual Studio Solution File, Format Version 12.00
Project("{FAE04EC0-301F-11D3-BF4B-00C04F79EFBC}") = "notebook", "notebook.csproj", "{3627D409-EE2C-49C3-94EA-C72D8A170ED5}"
EndProject
Global
	GlobalSection(SolutionConfigurationPlatforms) = preSolution
		Debug|Any CPU = Debug|Any CPU
		Release|Any CPU = Release|Any CPU
	EndGlobalSection
	GlobalSection(ProjectConfigurationPlatforms) = postSolution
		{3627D409-EE2C-49C3-94EA-C72D8A170ED5}.Debug|Any CPU.ActiveCfg = Debug|Any CPU
		{3627D409-EE2C-49C3-94EA-C72D8A170ED5}.Debug|Any CPU.Build.0 = Debug|Any CPU
		{3627D409-EE2C-49C3-94EA-C72D8A170ED5}.Release|Any CPU.ActiveCfg = Release|Any CPU
		{3627D409-EE2C-49C3-94EA-C72D8A170ED5}.Release|Any CPU.Build.0 = Release|Any CPU
	EndGlobalSection
EndGlobal
